dependencies:
- name: postgresql
  repository: https://charts.bitnami.com/bitnami
  version: 11.9.13
- name: kafka
  repository: https://charts.bitnami.com/bitnami
  version: 26.4.2
- name: bff
  repository: ""
  version: 0.1.0
- name: constructor
  repository: ""
  version: 0.1.0
- name: engine
  repository: ""
  version: 0.1.0
- name: storage
  repository: ""
  version: 0.1.0
- name: user
  repository: ""
  version: 0.1.0
digest: sha256:9b0752d3fcd2343e31266c13e1f6c278c54bfe21a8cf7e40b6b7a5c3402574d8
generated: "2023-11-28T20:07:07.446418+03:00"
